// !$*UTF8*$!
{
	archiveVersion = 1;
	classes = {
	};
	objectVersion = 46;
	objects = {

/* Begin PBXBuildFile section */
		F41321DC18AE9BDF00F4F97C /* InfoTableViewController.m in Sources */ = {isa = PBXBuildFile; fileRef = F41321DB18AE9BDF00F4F97C /* InfoTableViewController.m */; };
		F4164A1F186D876900B77B62 /* InterestViewController.m in Sources */ = {isa = PBXBuildFile; fileRef = F4164A1E186D876900B77B62 /* InterestViewController.m */; };
		F4164A21186D8D0200B77B62 /* maps.html in Resources */ = {isa = PBXBuildFile; fileRef = F4164A20186D8D0200B77B62 /* maps.html */; };
		F4164A23186F434B00B77B62 /* Attractions.plist in Resources */ = {isa = PBXBuildFile; fileRef = F4164A22186F434B00B77B62 /* Attractions.plist */; };
		F418972E1872A4E5004ACE60 /* CoreLocation.framework in Frameworks */ = {isa = PBXBuildFile; fileRef = F418972D1872A4E5004ACE60 /* CoreLocation.framework */; };
		F41897311872A768004ACE60 /* SpecificInterestViewController.m in Sources */ = {isa = PBXBuildFile; fileRef = F41897301872A768004ACE60 /* SpecificInterestViewController.m */; };
		F433B52E18A8AB4C00C65EE2 /* SponsorViewController.m in Sources */ = {isa = PBXBuildFile; fileRef = F433B52D18A8AB4C00C65EE2 /* SponsorViewController.m */; };
		F43A87D5184EF45500B90690 /* ContactViewController.m in Sources */ = {isa = PBXBuildFile; fileRef = F43A87D4184EF45500B90690 /* ContactViewController.m */; };
		F440BD461813519600858B37 /* Foundation.framework in Frameworks */ = {isa = PBXBuildFile; fileRef = F440BD451813519600858B37 /* Foundation.framework */; };
		F440BD481813519600858B37 /* CoreGraphics.framework in Frameworks */ = {isa = PBXBuildFile; fileRef = F440BD471813519600858B37 /* CoreGraphics.framework */; };
		F440BD4A1813519600858B37 /* UIKit.framework in Frameworks */ = {isa = PBXBuildFile; fileRef = F440BD491813519600858B37 /* UIKit.framework */; };
		F440BD501813519600858B37 /* InfoPlist.strings in Resources */ = {isa = PBXBuildFile; fileRef = F440BD4E1813519600858B37 /* InfoPlist.strings */; };
		F440BD521813519600858B37 /* main.m in Sources */ = {isa = PBXBuildFile; fileRef = F440BD511813519600858B37 /* main.m */; };
		F440BD561813519600858B37 /* AppDelegate.m in Sources */ = {isa = PBXBuildFile; fileRef = F440BD551813519600858B37 /* AppDelegate.m */; };
		F440BD5E1813519600858B37 /* Images.xcassets in Resources */ = {isa = PBXBuildFile; fileRef = F440BD5D1813519600858B37 /* Images.xcassets */; };
		F440BD651813519600858B37 /* XCTest.framework in Frameworks */ = {isa = PBXBuildFile; fileRef = F440BD641813519600858B37 /* XCTest.framework */; };
		F440BD661813519600858B37 /* Foundation.framework in Frameworks */ = {isa = PBXBuildFile; fileRef = F440BD451813519600858B37 /* Foundation.framework */; };
		F440BD671813519600858B37 /* UIKit.framework in Frameworks */ = {isa = PBXBuildFile; fileRef = F440BD491813519600858B37 /* UIKit.framework */; };
		F440BD6F1813519600858B37 /* InfoPlist.strings in Resources */ = {isa = PBXBuildFile; fileRef = F440BD6D1813519600858B37 /* InfoPlist.strings */; };
		F440BD711813519600858B37 /* ConferenceTests.m in Sources */ = {isa = PBXBuildFile; fileRef = F440BD701813519600858B37 /* ConferenceTests.m */; };
		F440BD7C1813599400858B37 /* HomeViewController.m in Sources */ = {isa = PBXBuildFile; fileRef = F440BD7B1813599400858B37 /* HomeViewController.m */; };
		F46B859418A73CCF005606AC /* FoodDeliveryWebViewController.m in Sources */ = {isa = PBXBuildFile; fileRef = F46B859318A73CCF005606AC /* FoodDeliveryWebViewController.m */; };
		F46B859C18A73E45005606AC /* FoodDeliveryViewController.m in Sources */ = {isa = PBXBuildFile; fileRef = F46B859B18A73E45005606AC /* FoodDeliveryViewController.m */; };
		F47C08BF1866939D009CEF28 /* ContactDetailViewController.m in Sources */ = {isa = PBXBuildFile; fileRef = F47C08BE1866939D009CEF28 /* ContactDetailViewController.m */; };
		F47C3866187501C800116FA1 /* DirectionWebViewController.m in Sources */ = {isa = PBXBuildFile; fileRef = F47C3865187501C800116FA1 /* DirectionWebViewController.m */; };
		F47C386918766B4100116FA1 /* EventDetailViewController.m in Sources */ = {isa = PBXBuildFile; fileRef = F47C386818766B4100116FA1 /* EventDetailViewController.m */; };
		F4981F3118768084009A0CAE /* NewsViewController.m in Sources */ = {isa = PBXBuildFile; fileRef = F4981F3018768084009A0CAE /* NewsViewController.m */; };
		F4B1C7E418AD892B00BDD2BB /* SponsorWebViewController.m in Sources */ = {isa = PBXBuildFile; fileRef = F4B1C7E318AD892B00BDD2BB /* SponsorWebViewController.m */; };
		F4B1C7E618AD89E400BDD2BB /* SponsorURLs.plist in Resources */ = {isa = PBXBuildFile; fileRef = F4B1C7E518AD89E400BDD2BB /* SponsorURLs.plist */; };
		F4B61B5E186CA90900EEE0DD /* WeekendViewController.m in Sources */ = {isa = PBXBuildFile; fileRef = F4B61B5D186CA90900EEE0DD /* WeekendViewController.m */; };
		F4B61B60186CA98500EEE0DD /* WeekendAgenda.plist in Resources */ = {isa = PBXBuildFile; fileRef = F4B61B5F186CA98500EEE0DD /* WeekendAgenda.plist */; };
		F4B61B66186CAEEC00EEE0DD /* EventViewController.m in Sources */ = {isa = PBXBuildFile; fileRef = F4B61B65186CAEEC00EEE0DD /* EventViewController.m */; };
		F4BE332318AEFF8A00C661EA /* WeatherWebViewController.m in Sources */ = {isa = PBXBuildFile; fileRef = F4BE332218AEFF8A00C661EA /* WeatherWebViewController.m */; };
		F4C3DD6B18AFDD49003E8DE1 /* SessionViewController.m in Sources */ = {isa = PBXBuildFile; fileRef = F4C3DD6A18AFDD49003E8DE1 /* SessionViewController.m */; };
		F4C3DD6D18B079D7003E8DE1 /* Session_Info.html in Resources */ = {isa = PBXBuildFile; fileRef = F4C3DD6C18B079D7003E8DE1 /* Session_Info.html */; };
		F4DADC1118B103D2007954D6 /* TransporationViewController.m in Sources */ = {isa = PBXBuildFile; fileRef = F4DADC1018B103D2007954D6 /* TransporationViewController.m */; };
		F4E0A85218ADE1250072380F /* Main.storyboard in Resources */ = {isa = PBXBuildFile; fileRef = F4E0A85118ADE1250072380F /* Main.storyboard */; };
		F4EAC0CE18986EEE00C2DA05 /* SpeakerViewController.m in Sources */ = {isa = PBXBuildFile; fileRef = F4EAC0CD18986EEE00C2DA05 /* SpeakerViewController.m */; };
		F4EAC0D1189871D000C2DA05 /* SpeakerDetailViewController.m in Sources */ = {isa = PBXBuildFile; fileRef = F4EAC0D0189871D000C2DA05 /* SpeakerDetailViewController.m */; };
		F4EAC0D41898752200C2DA05 /* Speakers.plist in Resources */ = {isa = PBXBuildFile; fileRef = F4EAC0D31898752200C2DA05 /* Speakers.plist */; };
		F4ECCB861865519E00B29D49 /* Contacts.plist in Resources */ = {isa = PBXBuildFile; fileRef = F4ECCB851865519E00B29D49 /* Contacts.plist */; };
		F4ECCB8918662EA800B29D49 /* ContactCustomCell.m in Sources */ = {isa = PBXBuildFile; fileRef = F4ECCB8818662EA800B29D49 /* ContactCustomCell.m */; };
/* End PBXBuildFile section */

/* Begin PBXContainerItemProxy section */
		F440BD681813519600858B37 /* PBXContainerItemProxy */ = {
			isa = PBXContainerItemProxy;
			containerPortal = F440BD3A1813519600858B37 /* Project object */;
			proxyType = 1;
			remoteGlobalIDString = F440BD411813519600858B37;
			remoteInfo = Conference;
		};
/* End PBXContainerItemProxy section */

/* Begin PBXFileReference section */
		F41321DA18AE9BDF00F4F97C /* InfoTableViewController.h */ = {isa = PBXFileReference; fileEncoding = 4; lastKnownFileType = sourcecode.c.h; path = InfoTableViewController.h; sourceTree = "<group>"; };
		F41321DB18AE9BDF00F4F97C /* InfoTableViewController.m */ = {isa = PBXFileReference; fileEncoding = 4; lastKnownFileType = sourcecode.c.objc; path = InfoTableViewController.m; sourceTree = "<group>"; };
		F4164A1D186D876900B77B62 /* InterestViewController.h */ = {isa = PBXFileReference; fileEncoding = 4; lastKnownFileType = sourcecode.c.h; path = InterestViewController.h; sourceTree = "<group>"; };
		F4164A1E186D876900B77B62 /* InterestViewController.m */ = {isa = PBXFileReference; fileEncoding = 4; lastKnownFileType = sourcecode.c.objc; path = InterestViewController.m; sourceTree = "<group>"; };
		F4164A20186D8D0200B77B62 /* maps.html */ = {isa = PBXFileReference; fileEncoding = 4; lastKnownFileType = text.html; path = maps.html; sourceTree = "<group>"; };
		F4164A22186F434B00B77B62 /* Attractions.plist */ = {isa = PBXFileReference; fileEncoding = 4; lastKnownFileType = text.plist.xml; path = Attractions.plist; sourceTree = "<group>"; };
		F418972D1872A4E5004ACE60 /* CoreLocation.framework */ = {isa = PBXFileReference; lastKnownFileType = wrapper.framework; name = CoreLocation.framework; path = System/Library/Frameworks/CoreLocation.framework; sourceTree = SDKROOT; };
		F418972F1872A768004ACE60 /* SpecificInterestViewController.h */ = {isa = PBXFileReference; fileEncoding = 4; lastKnownFileType = sourcecode.c.h; path = SpecificInterestViewController.h; sourceTree = "<group>"; };
		F41897301872A768004ACE60 /* SpecificInterestViewController.m */ = {isa = PBXFileReference; fileEncoding = 4; lastKnownFileType = sourcecode.c.objc; path = SpecificInterestViewController.m; sourceTree = "<group>"; };
		F42AE94518ADAF43007EE1BB /* Images.xcassets */ = {isa = PBXFileReference; lastKnownFileType = folder.assetcatalog; path = Images.xcassets; sourceTree = "<group>"; };
		F433B52C18A8AB4C00C65EE2 /* SponsorViewController.h */ = {isa = PBXFileReference; fileEncoding = 4; lastKnownFileType = sourcecode.c.h; path = SponsorViewController.h; sourceTree = "<group>"; };
		F433B52D18A8AB4C00C65EE2 /* SponsorViewController.m */ = {isa = PBXFileReference; fileEncoding = 4; lastKnownFileType = sourcecode.c.objc; path = SponsorViewController.m; sourceTree = "<group>"; };
		F43A87D3184EF45500B90690 /* ContactViewController.h */ = {isa = PBXFileReference; fileEncoding = 4; lastKnownFileType = sourcecode.c.h; path = ContactViewController.h; sourceTree = "<group>"; };
		F43A87D4184EF45500B90690 /* ContactViewController.m */ = {isa = PBXFileReference; fileEncoding = 4; lastKnownFileType = sourcecode.c.objc; path = ContactViewController.m; sourceTree = "<group>"; };
		F440BD421813519600858B37 /* Conference.app */ = {isa = PBXFileReference; explicitFileType = wrapper.application; includeInIndex = 0; path = Conference.app; sourceTree = BUILT_PRODUCTS_DIR; };
		F440BD451813519600858B37 /* Foundation.framework */ = {isa = PBXFileReference; lastKnownFileType = wrapper.framework; name = Foundation.framework; path = System/Library/Frameworks/Foundation.framework; sourceTree = SDKROOT; };
		F440BD471813519600858B37 /* CoreGraphics.framework */ = {isa = PBXFileReference; lastKnownFileType = wrapper.framework; name = CoreGraphics.framework; path = System/Library/Frameworks/CoreGraphics.framework; sourceTree = SDKROOT; };
		F440BD491813519600858B37 /* UIKit.framework */ = {isa = PBXFileReference; lastKnownFileType = wrapper.framework; name = UIKit.framework; path = System/Library/Frameworks/UIKit.framework; sourceTree = SDKROOT; };
		F440BD4D1813519600858B37 /* Conference-Info.plist */ = {isa = PBXFileReference; lastKnownFileType = text.plist.xml; path = "Conference-Info.plist"; sourceTree = "<group>"; };
		F440BD4F1813519600858B37 /* en */ = {isa = PBXFileReference; lastKnownFileType = text.plist.strings; name = en; path = en.lproj/InfoPlist.strings; sourceTree = "<group>"; };
		F440BD511813519600858B37 /* main.m */ = {isa = PBXFileReference; lastKnownFileType = sourcecode.c.objc; path = main.m; sourceTree = "<group>"; };
		F440BD531813519600858B37 /* Conference-Prefix.pch */ = {isa = PBXFileReference; lastKnownFileType = sourcecode.c.h; path = "Conference-Prefix.pch"; sourceTree = "<group>"; };
		F440BD541813519600858B37 /* AppDelegate.h */ = {isa = PBXFileReference; lastKnownFileType = sourcecode.c.h; path = AppDelegate.h; sourceTree = "<group>"; };
		F440BD551813519600858B37 /* AppDelegate.m */ = {isa = PBXFileReference; lastKnownFileType = sourcecode.c.objc; path = AppDelegate.m; sourceTree = "<group>"; };
		F440BD5D1813519600858B37 /* Images.xcassets */ = {isa = PBXFileReference; lastKnownFileType = folder.assetcatalog; path = Images.xcassets; sourceTree = "<group>"; };
		F440BD631813519600858B37 /* ConferenceTests.xctest */ = {isa = PBXFileReference; explicitFileType = wrapper.cfbundle; includeInIndex = 0; path = ConferenceTests.xctest; sourceTree = BUILT_PRODUCTS_DIR; };
		F440BD641813519600858B37 /* XCTest.framework */ = {isa = PBXFileReference; lastKnownFileType = wrapper.framework; name = XCTest.framework; path = Library/Frameworks/XCTest.framework; sourceTree = DEVELOPER_DIR; };
		F440BD6C1813519600858B37 /* ConferenceTests-Info.plist */ = {isa = PBXFileReference; lastKnownFileType = text.plist.xml; path = "ConferenceTests-Info.plist"; sourceTree = "<group>"; };
		F440BD6E1813519600858B37 /* en */ = {isa = PBXFileReference; lastKnownFileType = text.plist.strings; name = en; path = en.lproj/InfoPlist.strings; sourceTree = "<group>"; };
		F440BD701813519600858B37 /* ConferenceTests.m */ = {isa = PBXFileReference; lastKnownFileType = sourcecode.c.objc; path = ConferenceTests.m; sourceTree = "<group>"; };
		F440BD7A1813599400858B37 /* HomeViewController.h */ = {isa = PBXFileReference; fileEncoding = 4; lastKnownFileType = sourcecode.c.h; path = HomeViewController.h; sourceTree = "<group>"; };
		F440BD7B1813599400858B37 /* HomeViewController.m */ = {isa = PBXFileReference; fileEncoding = 4; lastKnownFileType = sourcecode.c.objc; path = HomeViewController.m; sourceTree = "<group>"; };
		F46B859218A73CCF005606AC /* FoodDeliveryWebViewController.h */ = {isa = PBXFileReference; fileEncoding = 4; lastKnownFileType = sourcecode.c.h; path = FoodDeliveryWebViewController.h; sourceTree = "<group>"; };
		F46B859318A73CCF005606AC /* FoodDeliveryWebViewController.m */ = {isa = PBXFileReference; fileEncoding = 4; lastKnownFileType = sourcecode.c.objc; path = FoodDeliveryWebViewController.m; sourceTree = "<group>"; };
		F46B859A18A73E45005606AC /* FoodDeliveryViewController.h */ = {isa = PBXFileReference; fileEncoding = 4; lastKnownFileType = sourcecode.c.h; path = FoodDeliveryViewController.h; sourceTree = "<group>"; };
		F46B859B18A73E45005606AC /* FoodDeliveryViewController.m */ = {isa = PBXFileReference; fileEncoding = 4; lastKnownFileType = sourcecode.c.objc; path = FoodDeliveryViewController.m; sourceTree = "<group>"; };
		F47C08BD1866939D009CEF28 /* ContactDetailViewController.h */ = {isa = PBXFileReference; fileEncoding = 4; lastKnownFileType = sourcecode.c.h; path = ContactDetailViewController.h; sourceTree = "<group>"; };
		F47C08BE1866939D009CEF28 /* ContactDetailViewController.m */ = {isa = PBXFileReference; fileEncoding = 4; lastKnownFileType = sourcecode.c.objc; path = ContactDetailViewController.m; sourceTree = "<group>"; };
		F47C3864187501C800116FA1 /* DirectionWebViewController.h */ = {isa = PBXFileReference; fileEncoding = 4; lastKnownFileType = sourcecode.c.h; path = DirectionWebViewController.h; sourceTree = "<group>"; };
		F47C3865187501C800116FA1 /* DirectionWebViewController.m */ = {isa = PBXFileReference; fileEncoding = 4; lastKnownFileType = sourcecode.c.objc; path = DirectionWebViewController.m; sourceTree = "<group>"; };
		F47C386718766B4100116FA1 /* EventDetailViewController.h */ = {isa = PBXFileReference; fileEncoding = 4; lastKnownFileType = sourcecode.c.h; path = EventDetailViewController.h; sourceTree = "<group>"; };
		F47C386818766B4100116FA1 /* EventDetailViewController.m */ = {isa = PBXFileReference; fileEncoding = 4; lastKnownFileType = sourcecode.c.objc; path = EventDetailViewController.m; sourceTree = "<group>"; };
		F4981F2F18768084009A0CAE /* NewsViewController.h */ = {isa = PBXFileReference; fileEncoding = 4; lastKnownFileType = sourcecode.c.h; path = NewsViewController.h; sourceTree = "<group>"; };
		F4981F3018768084009A0CAE /* NewsViewController.m */ = {isa = PBXFileReference; fileEncoding = 4; lastKnownFileType = sourcecode.c.objc; path = NewsViewController.m; sourceTree = "<group>"; };
		F4B1C7E218AD892B00BDD2BB /* SponsorWebViewController.h */ = {isa = PBXFileReference; fileEncoding = 4; lastKnownFileType = sourcecode.c.h; path = SponsorWebViewController.h; sourceTree = "<group>"; };
		F4B1C7E318AD892B00BDD2BB /* SponsorWebViewController.m */ = {isa = PBXFileReference; fileEncoding = 4; lastKnownFileType = sourcecode.c.objc; path = SponsorWebViewController.m; sourceTree = "<group>"; };
		F4B1C7E518AD89E400BDD2BB /* SponsorURLs.plist */ = {isa = PBXFileReference; fileEncoding = 4; lastKnownFileType = text.plist.xml; path = SponsorURLs.plist; sourceTree = "<group>"; };
		F4B61B5C186CA90900EEE0DD /* WeekendViewController.h */ = {isa = PBXFileReference; fileEncoding = 4; lastKnownFileType = sourcecode.c.h; path = WeekendViewController.h; sourceTree = "<group>"; };
		F4B61B5D186CA90900EEE0DD /* WeekendViewController.m */ = {isa = PBXFileReference; fileEncoding = 4; lastKnownFileType = sourcecode.c.objc; path = WeekendViewController.m; sourceTree = "<group>"; };
		F4B61B5F186CA98500EEE0DD /* WeekendAgenda.plist */ = {isa = PBXFileReference; fileEncoding = 4; lastKnownFileType = text.plist.xml; path = WeekendAgenda.plist; sourceTree = "<group>"; };
		F4B61B65186CAEEC00EEE0DD /* EventViewController.m */ = {isa = PBXFileReference; fileEncoding = 4; lastKnownFileType = sourcecode.c.objc; path = EventViewController.m; sourceTree = "<group>"; };
		F4BE332118AEFF8A00C661EA /* WeatherWebViewController.h */ = {isa = PBXFileReference; fileEncoding = 4; lastKnownFileType = sourcecode.c.h; path = WeatherWebViewController.h; sourceTree = "<group>"; };
		F4BE332218AEFF8A00C661EA /* WeatherWebViewController.m */ = {isa = PBXFileReference; fileEncoding = 4; lastKnownFileType = sourcecode.c.objc; path = WeatherWebViewController.m; sourceTree = "<group>"; };
		F4C3DD6918AFDD49003E8DE1 /* SessionViewController.h */ = {isa = PBXFileReference; fileEncoding = 4; lastKnownFileType = sourcecode.c.h; path = SessionViewController.h; sourceTree = "<group>"; };
		F4C3DD6A18AFDD49003E8DE1 /* SessionViewController.m */ = {isa = PBXFileReference; fileEncoding = 4; lastKnownFileType = sourcecode.c.objc; path = SessionViewController.m; sourceTree = "<group>"; };
		F4C3DD6C18B079D7003E8DE1 /* Session_Info.html */ = {isa = PBXFileReference; fileEncoding = 4; lastKnownFileType = text.html; path = Session_Info.html; sourceTree = "<group>"; };
		F4DADC0F18B103D2007954D6 /* TransporationViewController.h */ = {isa = PBXFileReference; fileEncoding = 4; lastKnownFileType = sourcecode.c.h; path = TransporationViewController.h; sourceTree = "<group>"; };
		F4DADC1018B103D2007954D6 /* TransporationViewController.m */ = {isa = PBXFileReference; fileEncoding = 4; lastKnownFileType = sourcecode.c.objc; path = TransporationViewController.m; sourceTree = "<group>"; };
		F4E0A85118ADE1250072380F /* Main.storyboard */ = {isa = PBXFileReference; fileEncoding = 4; lastKnownFileType = file.storyboard; path = Main.storyboard; sourceTree = "<group>"; };
		F4EAC0CC18986EEE00C2DA05 /* SpeakerViewController.h */ = {isa = PBXFileReference; fileEncoding = 4; lastKnownFileType = sourcecode.c.h; path = SpeakerViewController.h; sourceTree = "<group>"; };
		F4EAC0CD18986EEE00C2DA05 /* SpeakerViewController.m */ = {isa = PBXFileReference; fileEncoding = 4; lastKnownFileType = sourcecode.c.objc; path = SpeakerViewController.m; sourceTree = "<group>"; };
		F4EAC0CF189871D000C2DA05 /* SpeakerDetailViewController.h */ = {isa = PBXFileReference; fileEncoding = 4; lastKnownFileType = sourcecode.c.h; name = SpeakerDetailViewController.h; path = Conference/SpeakerDetailViewController.h; sourceTree = "<group>"; };
		F4EAC0D0189871D000C2DA05 /* SpeakerDetailViewController.m */ = {isa = PBXFileReference; fileEncoding = 4; lastKnownFileType = sourcecode.c.objc; name = SpeakerDetailViewController.m; path = Conference/SpeakerDetailViewController.m; sourceTree = "<group>"; };
		F4EAC0D31898752200C2DA05 /* Speakers.plist */ = {isa = PBXFileReference; fileEncoding = 4; lastKnownFileType = text.plist.xml; path = Speakers.plist; sourceTree = "<group>"; };
		F4ECCB851865519E00B29D49 /* Contacts.plist */ = {isa = PBXFileReference; fileEncoding = 4; lastKnownFileType = text.plist.xml; path = Contacts.plist; sourceTree = "<group>"; };
		F4ECCB8718662EA800B29D49 /* ContactCustomCell.h */ = {isa = PBXFileReference; fileEncoding = 4; lastKnownFileType = sourcecode.c.h; path = ContactCustomCell.h; sourceTree = "<group>"; };
		F4ECCB8818662EA800B29D49 /* ContactCustomCell.m */ = {isa = PBXFileReference; fileEncoding = 4; lastKnownFileType = sourcecode.c.objc; path = ContactCustomCell.m; sourceTree = "<group>"; };
		F4F1339B18ADE9F000E6BB04 /* EventViewController.h */ = {isa = PBXFileReference; fileEncoding = 4; lastKnownFileType = sourcecode.c.h; path = EventViewController.h; sourceTree = "<group>"; };
/* End PBXFileReference section */

/* Begin PBXFrameworksBuildPhase section */
		F440BD3F1813519600858B37 /* Frameworks */ = {
			isa = PBXFrameworksBuildPhase;
			buildActionMask = 2147483647;
			files = (
				F418972E1872A4E5004ACE60 /* CoreLocation.framework in Frameworks */,
				F440BD481813519600858B37 /* CoreGraphics.framework in Frameworks */,
				F440BD4A1813519600858B37 /* UIKit.framework in Frameworks */,
				F440BD461813519600858B37 /* Foundation.framework in Frameworks */,
			);
			runOnlyForDeploymentPostprocessing = 0;
		};
		F440BD601813519600858B37 /* Frameworks */ = {
			isa = PBXFrameworksBuildPhase;
			buildActionMask = 2147483647;
			files = (
				F440BD651813519600858B37 /* XCTest.framework in Frameworks */,
				F440BD671813519600858B37 /* UIKit.framework in Frameworks */,
				F440BD661813519600858B37 /* Foundation.framework in Frameworks */,
			);
			runOnlyForDeploymentPostprocessing = 0;
		};
/* End PBXFrameworksBuildPhase section */

/* Begin PBXGroup section */
		F440BD391813519600858B37 = {
			isa = PBXGroup;
			children = (
				F440BD4B1813519600858B37 /* Conference */,
				F440BD6A1813519600858B37 /* ConferenceTests */,
				F440BD441813519600858B37 /* Frameworks */,
				F440BD431813519600858B37 /* Products */,
			);
			sourceTree = "<group>";
		};
		F440BD431813519600858B37 /* Products */ = {
			isa = PBXGroup;
			children = (
				F440BD421813519600858B37 /* Conference.app */,
				F440BD631813519600858B37 /* ConferenceTests.xctest */,
			);
			name = Products;
			sourceTree = "<group>";
		};
		F440BD441813519600858B37 /* Frameworks */ = {
			isa = PBXGroup;
			children = (
				F418972D1872A4E5004ACE60 /* CoreLocation.framework */,
				F440BD451813519600858B37 /* Foundation.framework */,
				F440BD471813519600858B37 /* CoreGraphics.framework */,
				F440BD491813519600858B37 /* UIKit.framework */,
				F440BD641813519600858B37 /* XCTest.framework */,
			);
			name = Frameworks;
			sourceTree = "<group>";
		};
		F440BD4B1813519600858B37 /* Conference */ = {
			isa = PBXGroup;
			children = (
				F440BD7A1813599400858B37 /* HomeViewController.h */,
				F440BD7B1813599400858B37 /* HomeViewController.m */,
				F4981F2F18768084009A0CAE /* NewsViewController.h */,
				F4981F3018768084009A0CAE /* NewsViewController.m */,
				F440BD541813519600858B37 /* AppDelegate.h */,
				F440BD551813519600858B37 /* AppDelegate.m */,
				F4E0A85118ADE1250072380F /* Main.storyboard */,
				F42AE94518ADAF43007EE1BB /* Images.xcassets */,
				F440BD5D1813519600858B37 /* Images.xcassets */,
				F4FE395518AE9344009B8DBD /* Info */,
				F4B61B5B186CA8F600EEE0DD /* Events */,
				F4EAC0D2189874C500C2DA05 /* Speakers */,
				F4B61B5A186CA8CF00EEE0DD /* Contacts */,
				F46B859118A739A9005606AC /* Sponsors */,
				F440BD4C1813519600858B37 /* Supporting Files */,
			);
			path = Conference;
			sourceTree = "<group>";
		};
		F440BD4C1813519600858B37 /* Supporting Files */ = {
			isa = PBXGroup;
			children = (
				F440BD4D1813519600858B37 /* Conference-Info.plist */,
				F440BD4E1813519600858B37 /* InfoPlist.strings */,
				F440BD511813519600858B37 /* main.m */,
				F440BD531813519600858B37 /* Conference-Prefix.pch */,
			);
			name = "Supporting Files";
			sourceTree = "<group>";
		};
		F440BD6A1813519600858B37 /* ConferenceTests */ = {
			isa = PBXGroup;
			children = (
				F440BD701813519600858B37 /* ConferenceTests.m */,
				F440BD6B1813519600858B37 /* Supporting Files */,
			);
			path = ConferenceTests;
			sourceTree = "<group>";
		};
		F440BD6B1813519600858B37 /* Supporting Files */ = {
			isa = PBXGroup;
			children = (
				F440BD6C1813519600858B37 /* ConferenceTests-Info.plist */,
				F440BD6D1813519600858B37 /* InfoPlist.strings */,
			);
			name = "Supporting Files";
			sourceTree = "<group>";
		};
		F46B859118A739A9005606AC /* Sponsors */ = {
			isa = PBXGroup;
			children = (
				F433B52C18A8AB4C00C65EE2 /* SponsorViewController.h */,
				F433B52D18A8AB4C00C65EE2 /* SponsorViewController.m */,
				F4B1C7E218AD892B00BDD2BB /* SponsorWebViewController.h */,
				F4B1C7E318AD892B00BDD2BB /* SponsorWebViewController.m */,
				F4B1C7E518AD89E400BDD2BB /* SponsorURLs.plist */,
			);
			name = Sponsors;
			sourceTree = "<group>";
		};
		F4B61B5A186CA8CF00EEE0DD /* Contacts */ = {
			isa = PBXGroup;
			children = (
				F4ECCB851865519E00B29D49 /* Contacts.plist */,
				F4ECCB8718662EA800B29D49 /* ContactCustomCell.h */,
				F4ECCB8818662EA800B29D49 /* ContactCustomCell.m */,
				F43A87D3184EF45500B90690 /* ContactViewController.h */,
				F43A87D4184EF45500B90690 /* ContactViewController.m */,
				F47C08BD1866939D009CEF28 /* ContactDetailViewController.h */,
				F47C08BE1866939D009CEF28 /* ContactDetailViewController.m */,
			);
			name = Contacts;
			sourceTree = "<group>";
		};
		F4B61B5B186CA8F600EEE0DD /* Events */ = {
			isa = PBXGroup;
			children = (
				F4B61B5F186CA98500EEE0DD /* WeekendAgenda.plist */,
				F4F1339B18ADE9F000E6BB04 /* EventViewController.h */,
				F4B61B65186CAEEC00EEE0DD /* EventViewController.m */,
				F4B61B5C186CA90900EEE0DD /* WeekendViewController.h */,
				F4B61B5D186CA90900EEE0DD /* WeekendViewController.m */,
				F47C386718766B4100116FA1 /* EventDetailViewController.h */,
				F47C386818766B4100116FA1 /* EventDetailViewController.m */,
				F4C3DD6918AFDD49003E8DE1 /* SessionViewController.h */,
				F4C3DD6A18AFDD49003E8DE1 /* SessionViewController.m */,
				F4C3DD6C18B079D7003E8DE1 /* Session_Info.html */,
			);
			name = Events;
			sourceTree = "<group>";
		};
		F4EAC0D2189874C500C2DA05 /* Speakers */ = {
			isa = PBXGroup;
			children = (
				F4EAC0CC18986EEE00C2DA05 /* SpeakerViewController.h */,
				F4EAC0CD18986EEE00C2DA05 /* SpeakerViewController.m */,
				F4EAC0CF189871D000C2DA05 /* SpeakerDetailViewController.h */,
				F4EAC0D0189871D000C2DA05 /* SpeakerDetailViewController.m */,
				F4EAC0D31898752200C2DA05 /* Speakers.plist */,
			);
			name = Speakers;
			path = ..;
			sourceTree = "<group>";
		};
		F4FE395518AE9344009B8DBD /* Info */ = {
			isa = PBXGroup;
			children = (
				F41321DA18AE9BDF00F4F97C /* InfoTableViewController.h */,
				F41321DB18AE9BDF00F4F97C /* InfoTableViewController.m */,
				F4BE332118AEFF8A00C661EA /* WeatherWebViewController.h */,
				F4BE332218AEFF8A00C661EA /* WeatherWebViewController.m */,
				F4DADC0F18B103D2007954D6 /* TransporationViewController.h */,
				F4DADC1018B103D2007954D6 /* TransporationViewController.m */,
				F4164A1D186D876900B77B62 /* InterestViewController.h */,
				F4164A1E186D876900B77B62 /* InterestViewController.m */,
				F4164A22186F434B00B77B62 /* Attractions.plist */,
				F418972F1872A768004ACE60 /* SpecificInterestViewController.h */,
				F41897301872A768004ACE60 /* SpecificInterestViewController.m */,
				F4164A20186D8D0200B77B62 /* maps.html */,
				F47C3864187501C800116FA1 /* DirectionWebViewController.h */,
				F47C3865187501C800116FA1 /* DirectionWebViewController.m */,
				F46B859A18A73E45005606AC /* FoodDeliveryViewController.h */,
				F46B859B18A73E45005606AC /* FoodDeliveryViewController.m */,
				F46B859218A73CCF005606AC /* FoodDeliveryWebViewController.h */,
				F46B859318A73CCF005606AC /* FoodDeliveryWebViewController.m */,
			);
			name = Info;
			sourceTree = "<group>";
		};
/* End PBXGroup section */

/* Begin PBXNativeTarget section */
		F440BD411813519600858B37 /* Conference */ = {
			isa = PBXNativeTarget;
			buildConfigurationList = F440BD741813519600858B37 /* Build configuration list for PBXNativeTarget "Conference" */;
			buildPhases = (
				F440BD3E1813519600858B37 /* Sources */,
				F440BD3F1813519600858B37 /* Frameworks */,
				F440BD401813519600858B37 /* Resources */,
			);
			buildRules = (
			);
			dependencies = (
			);
			name = Conference;
			productName = Conference;
			productReference = F440BD421813519600858B37 /* Conference.app */;
			productType = "com.apple.product-type.application";
		};
		F440BD621813519600858B37 /* ConferenceTests */ = {
			isa = PBXNativeTarget;
			buildConfigurationList = F440BD771813519600858B37 /* Build configuration list for PBXNativeTarget "ConferenceTests" */;
			buildPhases = (
				F440BD5F1813519600858B37 /* Sources */,
				F440BD601813519600858B37 /* Frameworks */,
				F440BD611813519600858B37 /* Resources */,
			);
			buildRules = (
			);
			dependencies = (
				F440BD691813519600858B37 /* PBXTargetDependency */,
			);
			name = ConferenceTests;
			productName = ConferenceTests;
			productReference = F440BD631813519600858B37 /* ConferenceTests.xctest */;
			productType = "com.apple.product-type.bundle.unit-test";
		};
/* End PBXNativeTarget section */

/* Begin PBXProject section */
		F440BD3A1813519600858B37 /* Project object */ = {
			isa = PBXProject;
			attributes = {
				LastUpgradeCheck = 0500;
				ORGANIZATIONNAME = "Byron Becker";
				TargetAttributes = {
					F440BD411813519600858B37 = {
						DevelopmentTeam = GMQLP4T7X4;
					};
					F440BD621813519600858B37 = {
						TestTargetID = F440BD411813519600858B37;
					};
				};
			};
			buildConfigurationList = F440BD3D1813519600858B37 /* Build configuration list for PBXProject "Conference" */;
			compatibilityVersion = "Xcode 3.2";
			developmentRegion = English;
			hasScannedForEncodings = 0;
			knownRegions = (
				en,
				Base,
			);
			mainGroup = F440BD391813519600858B37;
			productRefGroup = F440BD431813519600858B37 /* Products */;
			projectDirPath = "";
			projectRoot = "";
			targets = (
				F440BD411813519600858B37 /* Conference */,
				F440BD621813519600858B37 /* ConferenceTests */,
			);
		};
/* End PBXProject section */

/* Begin PBXResourcesBuildPhase section */
		F440BD401813519600858B37 /* Resources */ = {
			isa = PBXResourcesBuildPhase;
			buildActionMask = 2147483647;
			files = (
				F440BD5E1813519600858B37 /* Images.xcassets in Resources */,
				F4E0A85218ADE1250072380F /* Main.storyboard in Resources */,
				F4164A23186F434B00B77B62 /* Attractions.plist in Resources */,
				F4164A21186D8D0200B77B62 /* maps.html in Resources */,
				F4B1C7E618AD89E400BDD2BB /* SponsorURLs.plist in Resources */,
				F4C3DD6D18B079D7003E8DE1 /* Session_Info.html in Resources */,
				F4B61B60186CA98500EEE0DD /* WeekendAgenda.plist in Resources */,
				F440BD501813519600858B37 /* InfoPlist.strings in Resources */,
				F4ECCB861865519E00B29D49 /* Contacts.plist in Resources */,
				F4EAC0D41898752200C2DA05 /* Speakers.plist in Resources */,
			);
			runOnlyForDeploymentPostprocessing = 0;
		};
		F440BD611813519600858B37 /* Resources */ = {
			isa = PBXResourcesBuildPhase;
			buildActionMask = 2147483647;
			files = (
				F440BD6F1813519600858B37 /* InfoPlist.strings in Resources */,
			);
			runOnlyForDeploymentPostprocessing = 0;
		};
/* End PBXResourcesBuildPhase section */

/* Begin PBXSourcesBuildPhase section */
		F440BD3E1813519600858B37 /* Sources */ = {
			isa = PBXSourcesBuildPhase;
			buildActionMask = 2147483647;
			files = (
				F4B61B66186CAEEC00EEE0DD /* EventViewController.m in Sources */,
				F47C08BF1866939D009CEF28 /* ContactDetailViewController.m in Sources */,
				F47C3866187501C800116FA1 /* DirectionWebViewController.m in Sources */,
				F46B859418A73CCF005606AC /* FoodDeliveryWebViewController.m in Sources */,
				F4B61B5E186CA90900EEE0DD /* WeekendViewController.m in Sources */,
				F433B52E18A8AB4C00C65EE2 /* SponsorViewController.m in Sources */,
				F440BD561813519600858B37 /* AppDelegate.m in Sources */,
				F43A87D5184EF45500B90690 /* ContactViewController.m in Sources */,
				F4EAC0CE18986EEE00C2DA05 /* SpeakerViewController.m in Sources */,
				F46B859C18A73E45005606AC /* FoodDeliveryViewController.m in Sources */,
				F4981F3118768084009A0CAE /* NewsViewController.m in Sources */,
				F4B1C7E418AD892B00BDD2BB /* SponsorWebViewController.m in Sources */,
				F47C386918766B4100116FA1 /* EventDetailViewController.m in Sources */,
				F4164A1F186D876900B77B62 /* InterestViewController.m in Sources */,
				F4DADC1118B103D2007954D6 /* TransporationViewController.m in Sources */,
				F4ECCB8918662EA800B29D49 /* ContactCustomCell.m in Sources */,
				F4EAC0D1189871D000C2DA05 /* SpeakerDetailViewController.m in Sources */,
				F440BD521813519600858B37 /* main.m in Sources */,
				F41897311872A768004ACE60 /* SpecificInterestViewController.m in Sources */,
				F41321DC18AE9BDF00F4F97C /* InfoTableViewController.m in Sources */,
				F4C3DD6B18AFDD49003E8DE1 /* SessionViewController.m in Sources */,
				F440BD7C1813599400858B37 /* HomeViewController.m in Sources */,
				F4BE332318AEFF8A00C661EA /* WeatherWebViewController.m in Sources */,
			);
			runOnlyForDeploymentPostprocessing = 0;
		};
		F440BD5F1813519600858B37 /* Sources */ = {
			isa = PBXSourcesBuildPhase;
			buildActionMask = 2147483647;
			files = (
				F440BD711813519600858B37 /* ConferenceTests.m in Sources */,
			);
			runOnlyForDeploymentPostprocessing = 0;
		};
/* End PBXSourcesBuildPhase section */

/* Begin PBXTargetDependency section */
		F440BD691813519600858B37 /* PBXTargetDependency */ = {
			isa = PBXTargetDependency;
			target = F440BD411813519600858B37 /* Conference */;
			targetProxy = F440BD681813519600858B37 /* PBXContainerItemProxy */;
		};
/* End PBXTargetDependency section */

/* Begin PBXVariantGroup section */
		F440BD4E1813519600858B37 /* InfoPlist.strings */ = {
			isa = PBXVariantGroup;
			children = (
				F440BD4F1813519600858B37 /* en */,
			);
			name = InfoPlist.strings;
			sourceTree = "<group>";
		};
		F440BD6D1813519600858B37 /* InfoPlist.strings */ = {
			isa = PBXVariantGroup;
			children = (
				F440BD6E1813519600858B37 /* en */,
			);
			name = InfoPlist.strings;
			sourceTree = "<group>";
		};
/* End PBXVariantGroup section */

/* Begin XCBuildConfiguration section */
		F440BD721813519600858B37 /* Debug */ = {
			isa = XCBuildConfiguration;
			buildSettings = {
				ALWAYS_SEARCH_USER_PATHS = NO;
				CLANG_CXX_LANGUAGE_STANDARD = "gnu++0x";
				CLANG_CXX_LIBRARY = "libc++";
				CLANG_ENABLE_MODULES = YES;
				CLANG_ENABLE_OBJC_ARC = YES;
				CLANG_WARN_BOOL_CONVERSION = YES;
				CLANG_WARN_CONSTANT_CONVERSION = YES;
				CLANG_WARN_DIRECT_OBJC_ISA_USAGE = YES_ERROR;
				CLANG_WARN_EMPTY_BODY = YES;
				CLANG_WARN_ENUM_CONVERSION = YES;
				CLANG_WARN_INT_CONVERSION = YES;
				CLANG_WARN_OBJC_ROOT_CLASS = YES_ERROR;
				CLANG_WARN__DUPLICATE_METHOD_MATCH = YES;
				CODE_SIGN_IDENTITY = "iPhone Developer: Byron Becker (MA2RHH8K4H)";
				"CODE_SIGN_IDENTITY[sdk=iphoneos*]" = "iPhone Developer";
				COPY_PHASE_STRIP = NO;
				GCC_C_LANGUAGE_STANDARD = gnu99;
				GCC_DYNAMIC_NO_PIC = NO;
				GCC_OPTIMIZATION_LEVEL = 0;
				GCC_PREPROCESSOR_DEFINITIONS = (
					"DEBUG=1",
					"$(inherited)",
				);
				GCC_SYMBOLS_PRIVATE_EXTERN = NO;
				GCC_WARN_ABOUT_RETURN_TYPE = YES_ERROR;
				GCC_WARN_UNDECLARED_SELECTOR = YES;
				GCC_WARN_UNINITIALIZED_AUTOS = YES;
				GCC_WARN_UNUSED_FUNCTION = YES;
				GCC_WARN_UNUSED_VARIABLE = YES;
				IPHONEOS_DEPLOYMENT_TARGET = 7.0;
				ONLY_ACTIVE_ARCH = YES;
				PROVISIONING_PROFILE = "FBE1ED88-0A95-4E86-B751-801D1A43E3BC";
				SDKROOT = iphoneos;
			};
			name = Debug;
		};
		F440BD731813519600858B37 /* Release */ = {
			isa = XCBuildConfiguration;
			buildSettings = {
				ALWAYS_SEARCH_USER_PATHS = NO;
				CLANG_CXX_LANGUAGE_STANDARD = "gnu++0x";
				CLANG_CXX_LIBRARY = "libc++";
				CLANG_ENABLE_MODULES = YES;
				CLANG_ENABLE_OBJC_ARC = YES;
				CLANG_WARN_BOOL_CONVERSION = YES;
				CLANG_WARN_CONSTANT_CONVERSION = YES;
				CLANG_WARN_DIRECT_OBJC_ISA_USAGE = YES_ERROR;
				CLANG_WARN_EMPTY_BODY = YES;
				CLANG_WARN_ENUM_CONVERSION = YES;
				CLANG_WARN_INT_CONVERSION = YES;
				CLANG_WARN_OBJC_ROOT_CLASS = YES_ERROR;
				CLANG_WARN__DUPLICATE_METHOD_MATCH = YES;
				CODE_SIGN_IDENTITY = "iPhone Developer: Byron Becker (MA2RHH8K4H)";
				"CODE_SIGN_IDENTITY[sdk=iphoneos*]" = "iPhone Developer";
				COPY_PHASE_STRIP = YES;
				ENABLE_NS_ASSERTIONS = NO;
				GCC_C_LANGUAGE_STANDARD = gnu99;
				GCC_WARN_ABOUT_RETURN_TYPE = YES_ERROR;
				GCC_WARN_UNDECLARED_SELECTOR = YES;
				GCC_WARN_UNINITIALIZED_AUTOS = YES;
				GCC_WARN_UNUSED_FUNCTION = YES;
				GCC_WARN_UNUSED_VARIABLE = YES;
				IPHONEOS_DEPLOYMENT_TARGET = 7.0;
				PROVISIONING_PROFILE = "FBE1ED88-0A95-4E86-B751-801D1A43E3BC";
				SDKROOT = iphoneos;
				VALIDATE_PRODUCT = YES;
			};
			name = Release;
		};
		F440BD751813519600858B37 /* Debug */ = {
			isa = XCBuildConfiguration;
			buildSettings = {
				ASSETCATALOG_COMPILER_APPICON_NAME = AppIcon;
				ASSETCATALOG_COMPILER_LAUNCHIMAGE_NAME = LaunchImage;
				CODE_SIGN_IDENTITY = "iPhone Developer: Byron Becker (MA2RHH8K4H)";
				"CODE_SIGN_IDENTITY[sdk=iphoneos*]" = "iPhone Developer: Byron Becker (MA2RHH8K4H)";
				GCC_PRECOMPILE_PREFIX_HEADER = YES;
				GCC_PREFIX_HEADER = "Conference/Conference-Prefix.pch";
				INFOPLIST_FILE = "Conference/Conference-Info.plist";
				IPHONEOS_DEPLOYMENT_TARGET = 7.0;
				PRODUCT_NAME = "$(TARGET_NAME)";
				PROVISIONING_PROFILE = "FBE1ED88-0A95-4E86-B751-801D1A43E3BC";
				WRAPPER_EXTENSION = app;
			};
			name = Debug;
		};
		F440BD761813519600858B37 /* Release */ = {
			isa = XCBuildConfiguration;
			buildSettings = {
				ASSETCATALOG_COMPILER_APPICON_NAME = AppIcon;
				ASSETCATALOG_COMPILER_LAUNCHIMAGE_NAME = LaunchImage;
				CODE_SIGN_IDENTITY = "iPhone Developer: Byron Becker (MA2RHH8K4H)";
				"CODE_SIGN_IDENTITY[sdk=iphoneos*]" = "iPhone Developer: Byron Becker (MA2RHH8K4H)";
				GCC_PRECOMPILE_PREFIX_HEADER = YES;
				GCC_PREFIX_HEADER = "Conference/Conference-Prefix.pch";
				INFOPLIST_FILE = "Conference/Conference-Info.plist";
				IPHONEOS_DEPLOYMENT_TARGET = 7.0;
				PRODUCT_NAME = "$(TARGET_NAME)";
				PROVISIONING_PROFILE = "FBE1ED88-0A95-4E86-B751-801D1A43E3BC";
				WRAPPER_EXTENSION = app;
			};
			name = Release;
		};
		F440BD781813519600858B37 /* Debug */ = {
			isa = XCBuildConfiguration;
			buildSettings = {
				BUNDLE_LOADER = "$(BUILT_PRODUCTS_DIR)/Conference.app/Conference";
				FRAMEWORK_SEARCH_PATHS = (
					"$(SDKROOT)/Developer/Library/Frameworks",
					"$(inherited)",
					"$(DEVELOPER_FRAMEWORKS_DIR)",
				);
				GCC_PRECOMPILE_PREFIX_HEADER = YES;
				GCC_PREFIX_HEADER = "Conference/Conference-Prefix.pch";
				GCC_PREPROCESSOR_DEFINITIONS = (
					"DEBUG=1",
					"$(inherited)",
				);
				INFOPLIST_FILE = "ConferenceTests/ConferenceTests-Info.plist";
				PRODUCT_NAME = "$(TARGET_NAME)";
				TEST_HOST = "$(BUNDLE_LOADER)";
				WRAPPER_EXTENSION = xctest;
			};
			name = Debug;
		};
		F440BD791813519600858B37 /* Release */ = {
			isa = XCBuildConfiguration;
			buildSettings = {
				BUNDLE_LOADER = "$(BUILT_PRODUCTS_DIR)/Conference.app/Conference";
				FRAMEWORK_SEARCH_PATHS = (
					"$(SDKROOT)/Developer/Library/Frameworks",
					"$(inherited)",
					"$(DEVELOPER_FRAMEWORKS_DIR)",
				);
				GCC_PRECOMPILE_PREFIX_HEADER = YES;
				GCC_PREFIX_HEADER = "Conference/Conference-Prefix.pch";
				INFOPLIST_FILE = "ConferenceTests/ConferenceTests-Info.plist";
				PRODUCT_NAME = "$(TARGET_NAME)";
				TEST_HOST = "$(BUNDLE_LOADER)";
				WRAPPER_EXTENSION = xctest;
			};
			name = Release;
		};
/* End XCBuildConfiguration section */

/* Begin XCConfigurationList section */
		F440BD3D1813519600858B37 /* Build configuration list for PBXProject "Conference" */ = {
			isa = XCConfigurationList;
			buildConfigurations = (
				F440BD721813519600858B37 /* Debug */,
				F440BD731813519600858B37 /* Release */,
			);
			defaultConfigurationIsVisible = 0;
			defaultConfigurationName = Release;
		};
		F440BD741813519600858B37 /* Build configuration list for PBXNativeTarget "Conference" */ = {
			isa = XCConfigurationList;
			buildConfigurations = (
				F440BD751813519600858B37 /* Debug */,
				F440BD761813519600858B37 /* Release */,
			);
			defaultConfigurationIsVisible = 0;
			defaultConfigurationName = Release;
		};
		F440BD771813519600858B37 /* Build configuration list for PBXNativeTarget "ConferenceTests" */ = {
			isa = XCConfigurationList;
			buildConfigurations = (
				F440BD781813519600858B37 /* Debug */,
				F440BD791813519600858B37 /* Release */,
			);
			defaultConfigurationIsVisible = 0;
			defaultConfigurationName = Release;
		};
/* End XCConfigurationList section */
	};
	rootObject = F440BD3A1813519600858B37 /* Project object */;
}
